
Microsoft Visual Studio Solution File, Format Version 12.00
# Visual Studio Version 17
VisualStudioVersion = 17.11.35222.181
MinimumVisualStudioVersion = 10.0.40219.1
Project("{FAE04EC0-301F-11D3-BF4B-00C04F79EFBC}") = "PlacaCarro", "PlacaCarro\PlacaCarro.csproj", "{11B7327A-B62E-4427-A18B-C9741383F522}"
EndProject
Global
	GlobalSection(SolutionConfigurationPlatforms) = preSolution
		Debug|Any CPU = Debug|Any CPU
		Release|Any CPU = Release|Any CPU
	EndGlobalSection
	GlobalSection(ProjectConfigurationPlatforms) = postSolution
		{11B7327A-B62E-4427-A18B-C9741383F522}.Debug|Any CPU.ActiveCfg = Debug|Any CPU
		{11B7327A-B62E-4427-A18B-C9741383F522}.Debug|Any CPU.Build.0 = Debug|Any CPU
		{11B7327A-B62E-4427-A18B-C9741383F522}.Release|Any CPU.ActiveCfg = Release|Any CPU
		{11B7327A-B62E-4427-A18B-C9741383F522}.Release|Any CPU.Build.0 = Release|Any CPU
	EndGlobalSection
	GlobalSection(SolutionProperties) = preSolution
		HideSolutionNode = FALSE
	EndGlobalSection
	GlobalSection(ExtensibilityGlobals) = postSolution
		SolutionGuid = {4B041210-94A8-41D0-ADD8-8D313A1E52EA}
	EndGlobalSection
EndGlobal
